
Microsoft Visual Studio Solution File, Format Version 12.00
# Visual Studio Version 16
VisualStudioVersion = 16.0.31025.194
MinimumVisualStudioVersion = 10.0.40219.1
Project("{FAE04EC0-301F-11D3-BF4B-00C04F79EFBC}") = "Postprocessing", "Postprocessing\Postprocessing.csproj", "{EBC83F34-CBEF-4939-9762-4E7EB9E8CFC5}"
EndProject
Project("{FAE04EC0-301F-11D3-BF4B-00C04F79EFBC}") = "Testing", "Testing\Testing.csproj", "{1FCAF573-FAF7-4604-88A3-EC6582F47FE9}"
EndProject
Project("{2150E333-8FDC-42A3-9474-1A3956D46DE8}") = "Solution Items", "Solution Items", "{2BCB864E-FB3F-4E6E-92D9-26E58E70C30F}"
	ProjectSection(SolutionItems) = preProject
		README.md = README.md
	EndProjectSection
EndProject
Global
	GlobalSection(SolutionConfigurationPlatforms) = preSolution
		Debug|Any CPU = Debug|Any CPU
		Release|Any CPU = Release|Any CPU
	EndGlobalSection
	GlobalSection(ProjectConfigurationPlatforms) = postSolution
		{EBC83F34-CBEF-4939-9762-4E7EB9E8CFC5}.Debug|Any CPU.ActiveCfg = Debug|Any CPU
		{EBC83F34-CBEF-4939-9762-4E7EB9E8CFC5}.Debug|Any CPU.Build.0 = Debug|Any CPU
		{EBC83F34-CBEF-4939-9762-4E7EB9E8CFC5}.Release|Any CPU.ActiveCfg = Release|Any CPU
		{EBC83F34-CBEF-4939-9762-4E7EB9E8CFC5}.Release|Any CPU.Build.0 = Release|Any CPU
		{1FCAF573-FAF7-4604-88A3-EC6582F47FE9}.Debug|Any CPU.ActiveCfg = Debug|Any CPU
		{1FCAF573-FAF7-4604-88A3-EC6582F47FE9}.Debug|Any CPU.Build.0 = Debug|Any CPU
		{1FCAF573-FAF7-4604-88A3-EC6582F47FE9}.Release|Any CPU.ActiveCfg = Release|Any CPU
		{1FCAF573-FAF7-4604-88A3-EC6582F47FE9}.Release|Any CPU.Build.0 = Release|Any CPU
	EndGlobalSection
	GlobalSection(SolutionProperties) = preSolution
		HideSolutionNode = FALSE
	EndGlobalSection
	GlobalSection(ExtensibilityGlobals) = postSolution
		SolutionGuid = {600968FB-2FDB-4503-B5CD-A7035858EF63}
	EndGlobalSection
EndGlobal
